{
  "nodes": {
    "elisp-helpers": {
      "flake": false,
      "locked": {
        "lastModified": 1678600653,
        "narHash": "sha256-WjBiXeK5rIHeRMCH+/Caww6ut9kZzlqdaEpJEb0wIp8=",
        "owner": "emacs-twist",
        "repo": "elisp-helpers",
        "rev": "361e7d18aac6e2c2c53beab4cc2fc043fb8a7b3c",
        "type": "github"
      },
      "original": {
        "owner": "emacs-twist",
        "repo": "elisp-helpers",
        "type": "github"
      }
    },
    "emacs": {
      "flake": false,
      "locked": {
        "lastModified": 1683499966,
        "narHash": "sha256-IKb6vXAM9J1ZQ2W6u6422N7wNPGKdDzd4cMXkmeksMg=",
        "owner": "emacs-mirror",
        "repo": "emacs",
        "rev": "3adc1e7f37901235bda83ea65a90644b7b0a8dbf",
        "type": "github"
      },
      "original": {
        "owner": "emacs-mirror",
        "repo": "emacs",
        "type": "github"
      }
    },
    "emacs-ci": {
      "flake": false,
      "locked": {
        "lastModified": 1683019321,
        "narHash": "sha256-0r0ddOEKvkUhgxZUfjzi+q2aJYmBuHBmhDageOcfXl4=",
        "owner": "purcell",
        "repo": "nix-emacs-ci",
        "rev": "762dbb4cd1d08d245b882fc26d30b9cb4b9c90af",
        "type": "github"
      },
      "original": {
        "owner": "purcell",
        "repo": "nix-emacs-ci",
        "type": "github"
      }
    },
    "epkgs": {
      "flake": false,
      "locked": {
        "lastModified": 1682962320,
        "narHash": "sha256-mgjBVmIUd4jBfd2uv6AoApbivlWvmWZX43U7vlaXZrU=",
        "owner": "emacsmirror",
        "repo": "epkgs",
        "rev": "6df77ebfe3518319f774e77ec4eb158ab4392aa4",
        "type": "github"
      },
      "original": {
        "owner": "emacsmirror",
        "repo": "epkgs",
        "type": "github"
      }
    },
    "flake-utils": {
      "inputs": {
        "systems": "systems"
      },
      "locked": {
        "lastModified": 1681202837,
        "narHash": "sha256-H+Rh19JDwRtpVPAWp64F+rlEtxUWBAQW28eAi3SRSzg=",
        "owner": "numtide",
        "repo": "flake-utils",
        "rev": "cfacdce06f30d2b68473a46042957675eebb3401",
        "type": "github"
      },
      "original": {
        "owner": "numtide",
        "repo": "flake-utils",
        "type": "github"
      }
    },
    "gitignore": {
      "inputs": {
        "nixpkgs": [
          "nomake",
          "nixpkgs"
        ]
      },
      "locked": {
        "lastModified": 1660459072,
        "narHash": "sha256-8DFJjXG8zqoONA1vXtgeKXy68KdJL5UaXR8NtVMUbx8=",
        "owner": "hercules-ci",
        "repo": "gitignore.nix",
        "rev": "a20de23b925fd8264fd7fad6454652e142fd7f73",
        "type": "github"
      },
      "original": {
        "owner": "hercules-ci",
        "repo": "gitignore.nix",
        "type": "github"
      }
    },
    "gnu-elpa": {
      "flake": false,
      "locked": {
        "lastModified": 1683374455,
        "narHash": "sha256-/6Kt4rW7bZfByFy2+tjZkFQ5mT12/lyUNbSQJx0YMK0=",
        "ref": "main",
        "rev": "e1a5a8a203bbdefcb26d507fb634d9e696d54b7c",
        "revCount": 514,
        "type": "git",
        "url": "https://git.savannah.gnu.org/git/emacs/elpa.git"
      },
      "original": {
        "ref": "main",
        "type": "git",
        "url": "https://git.savannah.gnu.org/git/emacs/elpa.git"
      }
    },
    "melpa": {
      "flake": false,
      "locked": {
        "lastModified": 1667515762,
        "narHash": "sha256-dDOrjlsW5aScxirY57CKNu02ng86Y/kAyTu+yh6rnkk=",
        "owner": "akirak",
        "repo": "melpa",
        "rev": "dfcb7f2d2886333db15ff4511d4db6e8cccafb21",
        "type": "github"
      },
      "original": {
        "owner": "akirak",
        "ref": "org-memento",
        "repo": "melpa",
        "type": "github"
      }
    },
    "nixpkgs": {
      "locked": {
        "lastModified": 1681696129,
        "narHash": "sha256-Ba2y1lmsWmmAOAoTD5G9UnTS/UqV0ZFyzysgdfu7qag=",
        "owner": "NixOS",
        "repo": "nixpkgs",
        "rev": "de66115c552acc4e0c0f92c5a5efb32e37dfa216",
        "type": "github"
      },
      "original": {
        "id": "nixpkgs",
        "type": "indirect"
      }
    },
    "nomake": {
      "inputs": {
        "emacs": [
          "emacs"
        ],
        "emacs-ci": "emacs-ci",
        "epkgs": [
          "epkgs"
        ],
        "flake-utils": "flake-utils",
        "gitignore": "gitignore",
        "gnu-elpa": [
          "gnu-elpa"
        ],
        "melpa": [
          "melpa"
        ],
        "nixpkgs": "nixpkgs",
        "package-lint": "package-lint",
        "twist": "twist"
      },
      "locked": {
        "lastModified": 1678957106,
        "narHash": "sha256-xmYDBKvCsMo5VdT//6PWw6jXNgdf38SEUULJKKCKAJ4=",
        "owner": "emacs-twist",
        "repo": "nomake",
        "rev": "d70290365578a52acc808dbbab42a5192f95f0e3",
        "type": "github"
      },
      "original": {
        "owner": "emacs-twist",
        "repo": "nomake",
        "type": "github"
      }
    },
    "package-lint": {
      "flake": false,
      "locked": {
        "lastModified": 1678879352,
        "narHash": "sha256-7W2z0yZfWzPUYsKmzy6KT2YJIkCn7xxa5gSJi9acqVY=",
        "owner": "purcell",
        "repo": "package-lint",
        "rev": "8f7c46d204c9ebe99e3843934be726fa3a3e5190",
        "type": "github"
      },
      "original": {
        "owner": "purcell",
        "repo": "package-lint",
        "type": "github"
      }
    },
    "root": {
      "inputs": {
        "emacs": "emacs",
        "epkgs": "epkgs",
        "gnu-elpa": "gnu-elpa",
        "melpa": "melpa",
        "nomake": "nomake"
      }
    },
    "systems": {
      "locked": {
        "lastModified": 1681028828,
        "narHash": "sha256-Vy1rq5AaRuLzOxct8nz4T6wlgyUR7zLU309k9mBC768=",
        "owner": "nix-systems",
        "repo": "default",
        "rev": "da67096a3b9bf56a91d16901293e51ba5b49a27e",
        "type": "github"
      },
      "original": {
        "owner": "nix-systems",
        "repo": "default",
        "type": "github"
      }
    },
    "twist": {
      "inputs": {
        "elisp-helpers": "elisp-helpers"
      },
      "locked": {
        "lastModified": 1683114397,
        "narHash": "sha256-+JViKPTm6gxBtEti+i9T/vMOa17CbIVjyl7MbdkFYgs=",
        "owner": "emacs-twist",
        "repo": "twist.nix",
        "rev": "61093c8c94cf9f6e0f9cf199b20c30fd5356d0f9",
        "type": "github"
      },
      "original": {
        "owner": "emacs-twist",
        "repo": "twist.nix",
        "type": "github"
      }
    }
  },
  "root": "root",
  "version": 7
}
