{
  "nodes": {
    "buttercup": {
      "flake": false,
      "locked": {
        "lastModified": 1670197165,
        "narHash": "sha256-KtA6lcI/Hfydl0C3kN65DsPeQpW36tcdlOkrE/lodXE=",
        "owner": "jorgenschaefer",
        "repo": "emacs-buttercup",
        "rev": "6372fd46b20cc807157071cb08ad263132ce7339",
        "type": "github"
      },
      "original": {
        "owner": "jorgenschaefer",
        "repo": "emacs-buttercup",
        "type": "github"
      }
    },
    "compat": {
      "flake": false,
      "locked": {
        "lastModified": 1669157406,
        "narHash": "sha256-gF67NJPKM+UtB1glp5mee8R0pSYbJpDr+U2ycC6DLe0=",
        "ref": "refs/heads/master",
        "rev": "1573aa2e6d478c30cc7f394b72cbaa4db77ef811",
        "revCount": 418,
        "type": "git",
        "url": "https://git.sr.ht/~pkal/compat"
      },
      "original": {
        "type": "git",
        "url": "https://git.sr.ht/~pkal/compat"
      }
    },
    "dash": {
      "flake": false,
      "locked": {
        "lastModified": 1665650208,
        "narHash": "sha256-b0dAQPHOv0oZkmkV/0kHqSWwz45W1mWrx1Iv83/M6B0=",
        "owner": "magnars",
        "repo": "dash.el",
        "rev": "3df46d7d9fe74f52a661565888e4d31fd760f0df",
        "type": "github"
      },
      "original": {
        "owner": "magnars",
        "repo": "dash.el",
        "type": "github"
      }
    },
    "magit-section": {
      "flake": false,
      "locked": {
        "lastModified": 1670525337,
        "narHash": "sha256-8cjfAWM1NM7NC0nMQ6SKALp+bUWx6T7+yyDisj7hgDc=",
        "owner": "magit",
        "repo": "magit",
        "rev": "99d9b3008adf72a0c2cdb7df70b5ae03ea9271c8",
        "type": "github"
      },
      "original": {
        "owner": "magit",
        "repo": "magit",
        "type": "github"
      }
    },
    "org": {
      "flake": false,
      "locked": {
        "lastModified": 1670667732,
        "narHash": "sha256-kkjGF92F5iMReumbCnSxHRz3trS3kKTCs8zljptyumk=",
        "ref": "bugfix",
        "rev": "169333e1cbb50f74c613deefb8c60c9859765c62",
        "revCount": 25850,
        "type": "git",
        "url": "git://git.sv.gnu.org/emacs/org-mode.git"
      },
      "original": {
        "ref": "bugfix",
        "type": "git",
        "url": "git://git.sv.gnu.org/emacs/org-mode.git"
      }
    },
    "org-memento": {
      "flake": false,
      "locked": {
        "lastModified": 1670667352,
        "narHash": "sha256-VCbqPmcfhEyRaAbrek5rtGnOV+9LZZzK7uBCDInlkp8=",
        "owner": "akirak",
        "repo": "org-memento",
        "rev": "f08ee22dd074766cc7df03f97af3dc979dcea44f",
        "type": "github"
      },
      "original": {
        "owner": "akirak",
        "repo": "org-memento",
        "type": "github"
      }
    },
    "root": {
      "inputs": {
        "buttercup": "buttercup",
        "compat": "compat",
        "dash": "dash",
        "magit-section": "magit-section",
        "org": "org",
        "org-memento": "org-memento",
        "taxy": "taxy"
      }
    },
    "taxy": {
      "flake": false,
      "locked": {
        "lastModified": 1663621606,
        "narHash": "sha256-qEL9Bgg/A5h3fKS5XfcPQnzYEFh+uUFrr9AgNDQokMA=",
        "owner": "alphapapa",
        "repo": "taxy.el",
        "rev": "b27fa67ecf3f8954ce0d5c2747d1de4dc94ff09f",
        "type": "github"
      },
      "original": {
        "owner": "alphapapa",
        "repo": "taxy.el",
        "type": "github"
      }
    }
  },
  "root": "root",
  "version": 7
}
